
Microsoft Visual Studio Solution File, Format Version 12.00
# Visual Studio 15
VisualStudioVersion = 15.0.28307.572
MinimumVisualStudioVersion = 10.0.40219.1
Project("{9A19103F-16F7-4668-BE54-9A1E7A4F7556}") = "NotificationService.Api", "NotificationService.Api\NotificationService.Api.csproj", "{B1460CD1-133C-4671-96CD-D2FA4D0B72E1}"
EndProject
Project("{9A19103F-16F7-4668-BE54-9A1E7A4F7556}") = "NotificationService.Core", "NotificationService.Core\NotificationService.Core.csproj", "{38B00670-5067-411F-9DA1-80ED278CC4BF}"
EndProject
Project("{9A19103F-16F7-4668-BE54-9A1E7A4F7556}") = "NotificationService.Services", "NotificationService.Services\NotificationService.Services.csproj", "{9AB3470A-4CA9-4E1B-B96E-92A5A90EBC27}"
EndProject
Project("{FAE04EC0-301F-11D3-BF4B-00C04F79EFBC}") = "NotificationService.Client", "NotificationService.Client\NotificationService.Client.csproj", "{E5A3C81A-8ED5-491D-96A5-E3BB350F975D}"
EndProject
Project("{FAE04EC0-301F-11D3-BF4B-00C04F79EFBC}") = "NotificationService.ClientTester", "NotificationService.ClientTester\NotificationService.ClientTester.csproj", "{8717BEB0-C5AD-4B22-ABAF-183DD4FC590C}"
EndProject
Global
	GlobalSection(SolutionConfigurationPlatforms) = preSolution
		Debug|Any CPU = Debug|Any CPU
		Release|Any CPU = Release|Any CPU
	EndGlobalSection
	GlobalSection(ProjectConfigurationPlatforms) = postSolution
		{B1460CD1-133C-4671-96CD-D2FA4D0B72E1}.Debug|Any CPU.ActiveCfg = Debug|Any CPU
		{B1460CD1-133C-4671-96CD-D2FA4D0B72E1}.Debug|Any CPU.Build.0 = Debug|Any CPU
		{B1460CD1-133C-4671-96CD-D2FA4D0B72E1}.Release|Any CPU.ActiveCfg = Release|Any CPU
		{B1460CD1-133C-4671-96CD-D2FA4D0B72E1}.Release|Any CPU.Build.0 = Release|Any CPU
		{38B00670-5067-411F-9DA1-80ED278CC4BF}.Debug|Any CPU.ActiveCfg = Debug|Any CPU
		{38B00670-5067-411F-9DA1-80ED278CC4BF}.Debug|Any CPU.Build.0 = Debug|Any CPU
		{38B00670-5067-411F-9DA1-80ED278CC4BF}.Release|Any CPU.ActiveCfg = Release|Any CPU
		{38B00670-5067-411F-9DA1-80ED278CC4BF}.Release|Any CPU.Build.0 = Release|Any CPU
		{9AB3470A-4CA9-4E1B-B96E-92A5A90EBC27}.Debug|Any CPU.ActiveCfg = Debug|Any CPU
		{9AB3470A-4CA9-4E1B-B96E-92A5A90EBC27}.Debug|Any CPU.Build.0 = Debug|Any CPU
		{9AB3470A-4CA9-4E1B-B96E-92A5A90EBC27}.Release|Any CPU.ActiveCfg = Release|Any CPU
		{9AB3470A-4CA9-4E1B-B96E-92A5A90EBC27}.Release|Any CPU.Build.0 = Release|Any CPU
		{E5A3C81A-8ED5-491D-96A5-E3BB350F975D}.Debug|Any CPU.ActiveCfg = Debug|Any CPU
		{E5A3C81A-8ED5-491D-96A5-E3BB350F975D}.Debug|Any CPU.Build.0 = Debug|Any CPU
		{E5A3C81A-8ED5-491D-96A5-E3BB350F975D}.Release|Any CPU.ActiveCfg = Release|Any CPU
		{E5A3C81A-8ED5-491D-96A5-E3BB350F975D}.Release|Any CPU.Build.0 = Release|Any CPU
		{8717BEB0-C5AD-4B22-ABAF-183DD4FC590C}.Debug|Any CPU.ActiveCfg = Debug|Any CPU
		{8717BEB0-C5AD-4B22-ABAF-183DD4FC590C}.Debug|Any CPU.Build.0 = Debug|Any CPU
		{8717BEB0-C5AD-4B22-ABAF-183DD4FC590C}.Release|Any CPU.ActiveCfg = Release|Any CPU
		{8717BEB0-C5AD-4B22-ABAF-183DD4FC590C}.Release|Any CPU.Build.0 = Release|Any CPU
	EndGlobalSection
	GlobalSection(SolutionProperties) = preSolution
		HideSolutionNode = FALSE
	EndGlobalSection
	GlobalSection(ExtensibilityGlobals) = postSolution
		SolutionGuid = {AD30A7BC-B0B1-43CF-A1A3-4CC1F028769C}
	EndGlobalSection
EndGlobal
